// !$*UTF8*$!
{
	archiveVersion = 1;
	classes = {
	};
	objectVersion = 56;
	objects = {

/* Begin PBXBuildFile section */
		4546D64A2A2D566900CABF81 /* WeatherNetworkServiceProtocol.swift in Sources */ = {isa = PBXBuildFile; fileRef = 4546D6492A2D566900CABF81 /* WeatherNetworkServiceProtocol.swift */; };
		4546D64C2A2D567000CABF81 /* WeatherNetworkService.swift in Sources */ = {isa = PBXBuildFile; fileRef = 4546D64B2A2D567000CABF81 /* WeatherNetworkService.swift */; };
		4546D64F2A2D56C800CABF81 /* APIResponseProtocol.swift in Sources */ = {isa = PBXBuildFile; fileRef = 4546D64E2A2D56C800CABF81 /* APIResponseProtocol.swift */; };
		4546D6512A2D570800CABF81 /* APIError.swift in Sources */ = {isa = PBXBuildFile; fileRef = 4546D6502A2D570800CABF81 /* APIError.swift */; };
		4546D6552A2D57AD00CABF81 /* DependencyManager.swift in Sources */ = {isa = PBXBuildFile; fileRef = 4546D6542A2D57AD00CABF81 /* DependencyManager.swift */; };
		45B03F0A2A39B5BE00A27BA4 /* WeatherViewModelTests.swift in Sources */ = {isa = PBXBuildFile; fileRef = 45B03F092A39B5BE00A27BA4 /* WeatherViewModelTests.swift */; };
		45B03FF32A3A03C800A27BA4 /* MockNetworkService.swift in Sources */ = {isa = PBXBuildFile; fileRef = 45B03FF22A3A03C800A27BA4 /* MockNetworkService.swift */; };
		45B03FF52A3A0B6700A27BA4 /* WeatherViewModelDelegate.swift in Sources */ = {isa = PBXBuildFile; fileRef = 45B03FF42A3A0B6700A27BA4 /* WeatherViewModelDelegate.swift */; };
		45B03FF72A3A135200A27BA4 /* WeatherViewModelDelegateMock.swift in Sources */ = {isa = PBXBuildFile; fileRef = 45B03FF62A3A135200A27BA4 /* WeatherViewModelDelegateMock.swift */; };
		45B03FFB2A3A28FD00A27BA4 /* MockOpenWeather.json in Resources */ = {isa = PBXBuildFile; fileRef = 45B03FFA2A3A28FD00A27BA4 /* MockOpenWeather.json */; };
		45B03FFD2A3A292500A27BA4 /* MockFocast.json in Resources */ = {isa = PBXBuildFile; fileRef = 45B03FFC2A3A292500A27BA4 /* MockFocast.json */; };
		45C5222B2A2C723400664876 /* AppDelegate.swift in Sources */ = {isa = PBXBuildFile; fileRef = 45C5222A2A2C723400664876 /* AppDelegate.swift */; };
		45C522342A2C723500664876 /* Assets.xcassets in Resources */ = {isa = PBXBuildFile; fileRef = 45C522332A2C723500664876 /* Assets.xcassets */; };
		45C522372A2C723500664876 /* LaunchScreen.storyboard in Resources */ = {isa = PBXBuildFile; fileRef = 45C522352A2C723500664876 /* LaunchScreen.storyboard */; };
		45C5224C2A2C723500664876 /* WeatherUITests.swift in Sources */ = {isa = PBXBuildFile; fileRef = 45C5224B2A2C723500664876 /* WeatherUITests.swift */; };
		45C5224E2A2C723500664876 /* WeatherUITestsLaunchTests.swift in Sources */ = {isa = PBXBuildFile; fileRef = 45C5224D2A2C723500664876 /* WeatherUITestsLaunchTests.swift */; };
		45C522652A2C96DD00664876 /* Colour.swift in Sources */ = {isa = PBXBuildFile; fileRef = 45C522642A2C96DD00664876 /* Colour.swift */; };
		45C522682A2C99E500664876 /* OpenWeatherController.swift in Sources */ = {isa = PBXBuildFile; fileRef = 45C522672A2C99E500664876 /* OpenWeatherController.swift */; };
		45C5226B2A2C9AD000664876 /* Constraints.swift in Sources */ = {isa = PBXBuildFile; fileRef = 45C5226A2A2C9AD000664876 /* Constraints.swift */; };
		45C5226E2A2C9BC600664876 /* WeatherImages.swift in Sources */ = {isa = PBXBuildFile; fileRef = 45C5226D2A2C9BC600664876 /* WeatherImages.swift */; };
		45C522712A2C9CB500664876 /* Layout.swift in Sources */ = {isa = PBXBuildFile; fileRef = 45C522702A2C9CB500664876 /* Layout.swift */; };
		45C522742A2CA1D800664876 /* WeatherStrings.swift in Sources */ = {isa = PBXBuildFile; fileRef = 45C522732A2CA1D800664876 /* WeatherStrings.swift */; };
		45C522772A2CA50100664876 /* Font.swift in Sources */ = {isa = PBXBuildFile; fileRef = 45C522762A2CA50100664876 /* Font.swift */; };
		45C522842A2CA7D900664876 /* SourceSansPro-SemiBoldItalic.ttf in Resources */ = {isa = PBXBuildFile; fileRef = 45C522782A2CA7D900664876 /* SourceSansPro-SemiBoldItalic.ttf */; };
		45C522852A2CA7D900664876 /* SourceSansPro-Black.ttf in Resources */ = {isa = PBXBuildFile; fileRef = 45C522792A2CA7D900664876 /* SourceSansPro-Black.ttf */; };
		45C522862A2CA7D900664876 /* SourceSansPro-ExtraLightItalic.ttf in Resources */ = {isa = PBXBuildFile; fileRef = 45C5227A2A2CA7D900664876 /* SourceSansPro-ExtraLightItalic.ttf */; };
		45C522872A2CA7D900664876 /* SourceSansPro-Regular.ttf in Resources */ = {isa = PBXBuildFile; fileRef = 45C5227B2A2CA7D900664876 /* SourceSansPro-Regular.ttf */; };
		45C522882A2CA7D900664876 /* SourceSansPro-Bold.ttf in Resources */ = {isa = PBXBuildFile; fileRef = 45C5227C2A2CA7D900664876 /* SourceSansPro-Bold.ttf */; };
		45C522892A2CA7D900664876 /* SourceSansPro-Light.ttf in Resources */ = {isa = PBXBuildFile; fileRef = 45C5227D2A2CA7D900664876 /* SourceSansPro-Light.ttf */; };
		45C5228A2A2CA7D900664876 /* SourceSansPro-ExtraLight.ttf in Resources */ = {isa = PBXBuildFile; fileRef = 45C5227E2A2CA7D900664876 /* SourceSansPro-ExtraLight.ttf */; };
		45C5228B2A2CA7D900664876 /* SourceSansPro-BoldItalic.ttf in Resources */ = {isa = PBXBuildFile; fileRef = 45C5227F2A2CA7D900664876 /* SourceSansPro-BoldItalic.ttf */; };
		45C5228C2A2CA7D900664876 /* SourceSansPro-SemiBold.ttf in Resources */ = {isa = PBXBuildFile; fileRef = 45C522802A2CA7D900664876 /* SourceSansPro-SemiBold.ttf */; };
		45C5228D2A2CA7D900664876 /* SourceSansPro-BlackItalic.ttf in Resources */ = {isa = PBXBuildFile; fileRef = 45C522812A2CA7D900664876 /* SourceSansPro-BlackItalic.ttf */; };
		45C5228E2A2CA7D900664876 /* SourceSansPro-LightItalic.ttf in Resources */ = {isa = PBXBuildFile; fileRef = 45C522822A2CA7D900664876 /* SourceSansPro-LightItalic.ttf */; };
		45C5228F2A2CA7D900664876 /* SourceSansPro-Italic.ttf in Resources */ = {isa = PBXBuildFile; fileRef = 45C522832A2CA7D900664876 /* SourceSansPro-Italic.ttf */; };
		45C522922A2CED3700664876 /* WeatherViewController.swift in Sources */ = {isa = PBXBuildFile; fileRef = 45C522912A2CED3700664876 /* WeatherViewController.swift */; };
		45C522972A2CEE5600664876 /* WeatherViewModel.swift in Sources */ = {isa = PBXBuildFile; fileRef = 45C522962A2CEE5600664876 /* WeatherViewModel.swift */; };
		45C522992A2CEEFA00664876 /* WeatherHeaderView.swift in Sources */ = {isa = PBXBuildFile; fileRef = 45C522982A2CEEFA00664876 /* WeatherHeaderView.swift */; };
		45C5229B2A2CEF3600664876 /* BaseView.swift in Sources */ = {isa = PBXBuildFile; fileRef = 45C5229A2A2CEF3600664876 /* BaseView.swift */; };
		45C5229D2A2CF6C500664876 /* WeatherViewController+WeatherViewModelDelegate.swift in Sources */ = {isa = PBXBuildFile; fileRef = 45C5229C2A2CF6C500664876 /* WeatherViewController+WeatherViewModelDelegate.swift */; };
		45C5229F2A2CF77600664876 /* WeatherViewController+TableView.swift in Sources */ = {isa = PBXBuildFile; fileRef = 45C5229E2A2CF77600664876 /* WeatherViewController+TableView.swift */; };
		45C522A12A2CF9B400664876 /* FocastTableViewCell.swift in Sources */ = {isa = PBXBuildFile; fileRef = 45C522A02A2CF9B400664876 /* FocastTableViewCell.swift */; };
		45C522A42A2CFA1400664876 /* BaseTableViewCell.swift in Sources */ = {isa = PBXBuildFile; fileRef = 45C522A32A2CFA1400664876 /* BaseTableViewCell.swift */; };
		45C522A62A2CFB4B00664876 /* UITableViewCell.swift in Sources */ = {isa = PBXBuildFile; fileRef = 45C522A52A2CFB4B00664876 /* UITableViewCell.swift */; };
		45C522A82A2D038900664876 /* WeatherTableCell.swift in Sources */ = {isa = PBXBuildFile; fileRef = 45C522A72A2D038900664876 /* WeatherTableCell.swift */; };
		45E2F7B52A3329EB0094A0FB /* APIKit.swift in Sources */ = {isa = PBXBuildFile; fileRef = 45E2F7B42A3329EB0094A0FB /* APIKit.swift */; };
		45E2F7B72A3329FA0094A0FB /* APIKitProtocol.swift in Sources */ = {isa = PBXBuildFile; fileRef = 45E2F7B62A3329FA0094A0FB /* APIKitProtocol.swift */; };
		45E2F7BA2A332A200094A0FB /* WeatherURLCenter.swift in Sources */ = {isa = PBXBuildFile; fileRef = 45E2F7B92A332A200094A0FB /* WeatherURLCenter.swift */; };
		45E2F7BC2A332A520094A0FB /* AppConfigManager.swift in Sources */ = {isa = PBXBuildFile; fileRef = 45E2F7BB2A332A520094A0FB /* AppConfigManager.swift */; };
		45E2F7BE2A332B260094A0FB /* HTTPMethod.swift in Sources */ = {isa = PBXBuildFile; fileRef = 45E2F7BD2A332B260094A0FB /* HTTPMethod.swift */; };
		45E2F7C12A332B680094A0FB /* HTTPHeaders.swift in Sources */ = {isa = PBXBuildFile; fileRef = 45E2F7C02A332B680094A0FB /* HTTPHeaders.swift */; };
		45E2F7C72A3349DF0094A0FB /* DebugLog.swift in Sources */ = {isa = PBXBuildFile; fileRef = 45E2F7C62A3349DF0094A0FB /* DebugLog.swift */; };
		45E2F7C92A334BE50094A0FB /* OpenWeather.swift in Sources */ = {isa = PBXBuildFile; fileRef = 45E2F7C82A334BE50094A0FB /* OpenWeather.swift */; };
		45E2F7CE2A3355DA0094A0FB /* Dispatch.swift in Sources */ = {isa = PBXBuildFile; fileRef = 45E2F7CD2A3355DA0094A0FB /* Dispatch.swift */; };
		45E2F7D02A3370790094A0FB /* Forecast.swift in Sources */ = {isa = PBXBuildFile; fileRef = 45E2F7CF2A3370790094A0FB /* Forecast.swift */; };
		45E2F7D22A3370AA0094A0FB /* Location.swift in Sources */ = {isa = PBXBuildFile; fileRef = 45E2F7D12A3370AA0094A0FB /* Location.swift */; };
		45E2F7D42A3370C60094A0FB /* City.swift in Sources */ = {isa = PBXBuildFile; fileRef = 45E2F7D32A3370C60094A0FB /* City.swift */; };
		45E2F7D62A3370E60094A0FB /* ForecastList.swift in Sources */ = {isa = PBXBuildFile; fileRef = 45E2F7D52A3370E60094A0FB /* ForecastList.swift */; };
		45E2F7D82A3371310094A0FB /* Weather.swift in Sources */ = {isa = PBXBuildFile; fileRef = 45E2F7D72A3371310094A0FB /* Weather.swift */; };
		45E2F7DA2A3371580094A0FB /* Wind.swift in Sources */ = {isa = PBXBuildFile; fileRef = 45E2F7D92A3371580094A0FB /* Wind.swift */; };
		45E2F7DC2A33717F0094A0FB /* WeatherData.swift in Sources */ = {isa = PBXBuildFile; fileRef = 45E2F7DB2A33717F0094A0FB /* WeatherData.swift */; };
		45E2F7E02A33B9820094A0FB /* Int.swift in Sources */ = {isa = PBXBuildFile; fileRef = 45E2F7DF2A33B9820094A0FB /* Int.swift */; };
		45E2F7E22A33B9D70094A0FB /* DateManager.swift in Sources */ = {isa = PBXBuildFile; fileRef = 45E2F7E12A33B9D70094A0FB /* DateManager.swift */; };
		45E2F7E92A33C7A10094A0FB /* WeatherViewController+LocationManager.swift in Sources */ = {isa = PBXBuildFile; fileRef = 45E2F7E82A33C7A10094A0FB /* WeatherViewController+LocationManager.swift */; };
		45E2F7EB2A33CE120094A0FB /* WeatherViewController+Navigation.swift in Sources */ = {isa = PBXBuildFile; fileRef = 45E2F7EA2A33CE120094A0FB /* WeatherViewController+Navigation.swift */; };
		45E2F7ED2A33D9A20094A0FB /* WeatherStrings.strings in Resources */ = {isa = PBXBuildFile; fileRef = 45E2F7EC2A33D9A20094A0FB /* WeatherStrings.strings */; };
		45E2F7EF2A33D9C40094A0FB /* Localizable.swift in Sources */ = {isa = PBXBuildFile; fileRef = 45E2F7EE2A33D9C40094A0FB /* Localizable.swift */; };
		45E2F7F22A33DAAA0094A0FB /* ReachabilityManager.swift in Sources */ = {isa = PBXBuildFile; fileRef = 45E2F7F12A33DAAA0094A0FB /* ReachabilityManager.swift */; };
		45E2F7F42A33DADE0094A0FB /* Rechability.swift in Sources */ = {isa = PBXBuildFile; fileRef = 45E2F7F32A33DADE0094A0FB /* Rechability.swift */; };
		45E2F7F72A33DB1C0094A0FB /* UserDefaultsManager.swift in Sources */ = {isa = PBXBuildFile; fileRef = 45E2F7F62A33DB1C0094A0FB /* UserDefaultsManager.swift */; };
		45E2F7FA2A33DBB90094A0FB /* AlertManager.swift in Sources */ = {isa = PBXBuildFile; fileRef = 45E2F7F92A33DBB90094A0FB /* AlertManager.swift */; };
		45E2F7FC2A39818F0094A0FB /* WeatherURLCenterTest.swift in Sources */ = {isa = PBXBuildFile; fileRef = 45E2F7FB2A39818F0094A0FB /* WeatherURLCenterTest.swift */; };
		45E2F8022A3982D20094A0FB /* MockLocation.json in Resources */ = {isa = PBXBuildFile; fileRef = 45E2F8012A3982D20094A0FB /* MockLocation.json */; };
		45E2F8052A3983270094A0FB /* ConvertJsonToModel.swift in Sources */ = {isa = PBXBuildFile; fileRef = 45E2F8042A3983270094A0FB /* ConvertJsonToModel.swift */; };
		45E2F8082A3985580094A0FB /* WeatherStrings.swift in Sources */ = {isa = PBXBuildFile; fileRef = 45E2F8072A3985580094A0FB /* WeatherStrings.swift */; };
		45E2F80F2A39896C0094A0FB /* HTTPMethodTest.swift in Sources */ = {isa = PBXBuildFile; fileRef = 45E2F80E2A39896C0094A0FB /* HTTPMethodTest.swift */; };
		45E2F8122A398A4F0094A0FB /* IntExtensionTest.swift in Sources */ = {isa = PBXBuildFile; fileRef = 45E2F8112A398A4F0094A0FB /* IntExtensionTest.swift */; };
		45E2F8142A398CA80094A0FB /* DateManagerTest.swift in Sources */ = {isa = PBXBuildFile; fileRef = 45E2F8132A398CA80094A0FB /* DateManagerTest.swift */; };
		45E2F8172A39A4590094A0FB /* AppConfigManagerTest.swift in Sources */ = {isa = PBXBuildFile; fileRef = 45E2F8162A39A4590094A0FB /* AppConfigManagerTest.swift */; };
		45E2F8192A39A4A90094A0FB /* AppConfigManagerProtocol.swift in Sources */ = {isa = PBXBuildFile; fileRef = 45E2F8182A39A4A90094A0FB /* AppConfigManagerProtocol.swift */; };
/* End PBXBuildFile section */

/* Begin PBXContainerItemProxy section */
		45C5223E2A2C723500664876 /* PBXContainerItemProxy */ = {
			isa = PBXContainerItemProxy;
			containerPortal = 45C5221F2A2C723400664876 /* Project object */;
			proxyType = 1;
			remoteGlobalIDString = 45C522262A2C723400664876;
			remoteInfo = Weather;
		};
		45C522482A2C723500664876 /* PBXContainerItemProxy */ = {
			isa = PBXContainerItemProxy;
			containerPortal = 45C5221F2A2C723400664876 /* Project object */;
			proxyType = 1;
			remoteGlobalIDString = 45C522262A2C723400664876;
			remoteInfo = Weather;
		};
/* End PBXContainerItemProxy section */

/* Begin PBXFileReference section */
		4546D6492A2D566900CABF81 /* WeatherNetworkServiceProtocol.swift */ = {isa = PBXFileReference; lastKnownFileType = sourcecode.swift; path = WeatherNetworkServiceProtocol.swift; sourceTree = "<group>"; };
		4546D64B2A2D567000CABF81 /* WeatherNetworkService.swift */ = {isa = PBXFileReference; lastKnownFileType = sourcecode.swift; path = WeatherNetworkService.swift; sourceTree = "<group>"; };
		4546D64E2A2D56C800CABF81 /* APIResponseProtocol.swift */ = {isa = PBXFileReference; lastKnownFileType = sourcecode.swift; path = APIResponseProtocol.swift; sourceTree = "<group>"; };
		4546D6502A2D570800CABF81 /* APIError.swift */ = {isa = PBXFileReference; lastKnownFileType = sourcecode.swift; path = APIError.swift; sourceTree = "<group>"; };
		4546D6542A2D57AD00CABF81 /* DependencyManager.swift */ = {isa = PBXFileReference; lastKnownFileType = sourcecode.swift; path = DependencyManager.swift; sourceTree = "<group>"; };
		45B03F092A39B5BE00A27BA4 /* WeatherViewModelTests.swift */ = {isa = PBXFileReference; lastKnownFileType = sourcecode.swift; path = WeatherViewModelTests.swift; sourceTree = "<group>"; };
		45B03FF22A3A03C800A27BA4 /* MockNetworkService.swift */ = {isa = PBXFileReference; lastKnownFileType = sourcecode.swift; path = MockNetworkService.swift; sourceTree = "<group>"; };
		45B03FF42A3A0B6700A27BA4 /* WeatherViewModelDelegate.swift */ = {isa = PBXFileReference; lastKnownFileType = sourcecode.swift; path = WeatherViewModelDelegate.swift; sourceTree = "<group>"; };
		45B03FF62A3A135200A27BA4 /* WeatherViewModelDelegateMock.swift */ = {isa = PBXFileReference; lastKnownFileType = sourcecode.swift; path = WeatherViewModelDelegateMock.swift; sourceTree = "<group>"; };
		45B03FFA2A3A28FD00A27BA4 /* MockOpenWeather.json */ = {isa = PBXFileReference; lastKnownFileType = text.json; path = MockOpenWeather.json; sourceTree = "<group>"; };
		45B03FFC2A3A292500A27BA4 /* MockFocast.json */ = {isa = PBXFileReference; lastKnownFileType = text.json; path = MockFocast.json; sourceTree = "<group>"; };
		45C522272A2C723400664876 /* Weather.app */ = {isa = PBXFileReference; explicitFileType = wrapper.application; includeInIndex = 0; path = Weather.app; sourceTree = BUILT_PRODUCTS_DIR; };
		45C5222A2A2C723400664876 /* AppDelegate.swift */ = {isa = PBXFileReference; lastKnownFileType = sourcecode.swift; path = AppDelegate.swift; sourceTree = "<group>"; };
		45C522332A2C723500664876 /* Assets.xcassets */ = {isa = PBXFileReference; lastKnownFileType = folder.assetcatalog; path = Assets.xcassets; sourceTree = "<group>"; };
		45C522362A2C723500664876 /* Base */ = {isa = PBXFileReference; lastKnownFileType = file.storyboard; name = Base; path = Base.lproj/LaunchScreen.storyboard; sourceTree = "<group>"; };
		45C522382A2C723500664876 /* Info.plist */ = {isa = PBXFileReference; lastKnownFileType = text.plist.xml; path = Info.plist; sourceTree = "<group>"; };
		45C5223D2A2C723500664876 /* WeatherTests.xctest */ = {isa = PBXFileReference; explicitFileType = wrapper.cfbundle; includeInIndex = 0; path = WeatherTests.xctest; sourceTree = BUILT_PRODUCTS_DIR; };
		45C522472A2C723500664876 /* WeatherUITests.xctest */ = {isa = PBXFileReference; explicitFileType = wrapper.cfbundle; includeInIndex = 0; path = WeatherUITests.xctest; sourceTree = BUILT_PRODUCTS_DIR; };
		45C5224B2A2C723500664876 /* WeatherUITests.swift */ = {isa = PBXFileReference; lastKnownFileType = sourcecode.swift; path = WeatherUITests.swift; sourceTree = "<group>"; };
		45C5224D2A2C723500664876 /* WeatherUITestsLaunchTests.swift */ = {isa = PBXFileReference; lastKnownFileType = sourcecode.swift; path = WeatherUITestsLaunchTests.swift; sourceTree = "<group>"; };
		45C522642A2C96DD00664876 /* Colour.swift */ = {isa = PBXFileReference; lastKnownFileType = sourcecode.swift; path = Colour.swift; sourceTree = "<group>"; };
		45C522672A2C99E500664876 /* OpenWeatherController.swift */ = {isa = PBXFileReference; lastKnownFileType = sourcecode.swift; path = OpenWeatherController.swift; sourceTree = "<group>"; };
		45C5226A2A2C9AD000664876 /* Constraints.swift */ = {isa = PBXFileReference; lastKnownFileType = sourcecode.swift; path = Constraints.swift; sourceTree = "<group>"; };
		45C5226D2A2C9BC600664876 /* WeatherImages.swift */ = {isa = PBXFileReference; lastKnownFileType = sourcecode.swift; path = WeatherImages.swift; sourceTree = "<group>"; };
		45C522702A2C9CB500664876 /* Layout.swift */ = {isa = PBXFileReference; lastKnownFileType = sourcecode.swift; path = Layout.swift; sourceTree = "<group>"; };
		45C522732A2CA1D800664876 /* WeatherStrings.swift */ = {isa = PBXFileReference; lastKnownFileType = sourcecode.swift; path = WeatherStrings.swift; sourceTree = "<group>"; };
		45C522762A2CA50100664876 /* Font.swift */ = {isa = PBXFileReference; lastKnownFileType = sourcecode.swift; path = Font.swift; sourceTree = "<group>"; };
		45C522782A2CA7D900664876 /* SourceSansPro-SemiBoldItalic.ttf */ = {isa = PBXFileReference; lastKnownFileType = file; path = "SourceSansPro-SemiBoldItalic.ttf"; sourceTree = "<group>"; };
		45C522792A2CA7D900664876 /* SourceSansPro-Black.ttf */ = {isa = PBXFileReference; lastKnownFileType = file; path = "SourceSansPro-Black.ttf"; sourceTree = "<group>"; };
		45C5227A2A2CA7D900664876 /* SourceSansPro-ExtraLightItalic.ttf */ = {isa = PBXFileReference; lastKnownFileType = file; path = "SourceSansPro-ExtraLightItalic.ttf"; sourceTree = "<group>"; };
		45C5227B2A2CA7D900664876 /* SourceSansPro-Regular.ttf */ = {isa = PBXFileReference; lastKnownFileType = file; path = "SourceSansPro-Regular.ttf"; sourceTree = "<group>"; };
		45C5227C2A2CA7D900664876 /* SourceSansPro-Bold.ttf */ = {isa = PBXFileReference; lastKnownFileType = file; path = "SourceSansPro-Bold.ttf"; sourceTree = "<group>"; };
		45C5227D2A2CA7D900664876 /* SourceSansPro-Light.ttf */ = {isa = PBXFileReference; lastKnownFileType = file; path = "SourceSansPro-Light.ttf"; sourceTree = "<group>"; };
		45C5227E2A2CA7D900664876 /* SourceSansPro-ExtraLight.ttf */ = {isa = PBXFileReference; lastKnownFileType = file; path = "SourceSansPro-ExtraLight.ttf"; sourceTree = "<group>"; };
		45C5227F2A2CA7D900664876 /* SourceSansPro-BoldItalic.ttf */ = {isa = PBXFileReference; lastKnownFileType = file; path = "SourceSansPro-BoldItalic.ttf"; sourceTree = "<group>"; };
		45C522802A2CA7D900664876 /* SourceSansPro-SemiBold.ttf */ = {isa = PBXFileReference; lastKnownFileType = file; path = "SourceSansPro-SemiBold.ttf"; sourceTree = "<group>"; };
		45C522812A2CA7D900664876 /* SourceSansPro-BlackItalic.ttf */ = {isa = PBXFileReference; lastKnownFileType = file; path = "SourceSansPro-BlackItalic.ttf"; sourceTree = "<group>"; };
		45C522822A2CA7D900664876 /* SourceSansPro-LightItalic.ttf */ = {isa = PBXFileReference; lastKnownFileType = file; path = "SourceSansPro-LightItalic.ttf"; sourceTree = "<group>"; };
		45C522832A2CA7D900664876 /* SourceSansPro-Italic.ttf */ = {isa = PBXFileReference; lastKnownFileType = file; path = "SourceSansPro-Italic.ttf"; sourceTree = "<group>"; };
		45C522912A2CED3700664876 /* WeatherViewController.swift */ = {isa = PBXFileReference; lastKnownFileType = sourcecode.swift; path = WeatherViewController.swift; sourceTree = "<group>"; };
		45C522962A2CEE5600664876 /* WeatherViewModel.swift */ = {isa = PBXFileReference; lastKnownFileType = sourcecode.swift; path = WeatherViewModel.swift; sourceTree = "<group>"; };
		45C522982A2CEEFA00664876 /* WeatherHeaderView.swift */ = {isa = PBXFileReference; lastKnownFileType = sourcecode.swift; path = WeatherHeaderView.swift; sourceTree = "<group>"; };
		45C5229A2A2CEF3600664876 /* BaseView.swift */ = {isa = PBXFileReference; lastKnownFileType = sourcecode.swift; path = BaseView.swift; sourceTree = "<group>"; };
		45C5229C2A2CF6C500664876 /* WeatherViewController+WeatherViewModelDelegate.swift */ = {isa = PBXFileReference; lastKnownFileType = sourcecode.swift; path = "WeatherViewController+WeatherViewModelDelegate.swift"; sourceTree = "<group>"; };
		45C5229E2A2CF77600664876 /* WeatherViewController+TableView.swift */ = {isa = PBXFileReference; lastKnownFileType = sourcecode.swift; path = "WeatherViewController+TableView.swift"; sourceTree = "<group>"; };
		45C522A02A2CF9B400664876 /* FocastTableViewCell.swift */ = {isa = PBXFileReference; lastKnownFileType = sourcecode.swift; path = FocastTableViewCell.swift; sourceTree = "<group>"; };
		45C522A32A2CFA1400664876 /* BaseTableViewCell.swift */ = {isa = PBXFileReference; lastKnownFileType = sourcecode.swift; path = BaseTableViewCell.swift; sourceTree = "<group>"; };
		45C522A52A2CFB4B00664876 /* UITableViewCell.swift */ = {isa = PBXFileReference; lastKnownFileType = sourcecode.swift; path = UITableViewCell.swift; sourceTree = "<group>"; };
		45C522A72A2D038900664876 /* WeatherTableCell.swift */ = {isa = PBXFileReference; lastKnownFileType = sourcecode.swift; path = WeatherTableCell.swift; sourceTree = "<group>"; };
		45E2F7B42A3329EB0094A0FB /* APIKit.swift */ = {isa = PBXFileReference; lastKnownFileType = sourcecode.swift; path = APIKit.swift; sourceTree = "<group>"; };
		45E2F7B62A3329FA0094A0FB /* APIKitProtocol.swift */ = {isa = PBXFileReference; lastKnownFileType = sourcecode.swift; path = APIKitProtocol.swift; sourceTree = "<group>"; };
		45E2F7B92A332A200094A0FB /* WeatherURLCenter.swift */ = {isa = PBXFileReference; lastKnownFileType = sourcecode.swift; path = WeatherURLCenter.swift; sourceTree = "<group>"; };
		45E2F7BB2A332A520094A0FB /* AppConfigManager.swift */ = {isa = PBXFileReference; lastKnownFileType = sourcecode.swift; path = AppConfigManager.swift; sourceTree = "<group>"; };
		45E2F7BD2A332B260094A0FB /* HTTPMethod.swift */ = {isa = PBXFileReference; lastKnownFileType = sourcecode.swift; path = HTTPMethod.swift; sourceTree = "<group>"; };
		45E2F7C02A332B680094A0FB /* HTTPHeaders.swift */ = {isa = PBXFileReference; lastKnownFileType = sourcecode.swift; path = HTTPHeaders.swift; sourceTree = "<group>"; };
		45E2F7C62A3349DF0094A0FB /* DebugLog.swift */ = {isa = PBXFileReference; lastKnownFileType = sourcecode.swift; path = DebugLog.swift; sourceTree = "<group>"; };
		45E2F7C82A334BE50094A0FB /* OpenWeather.swift */ = {isa = PBXFileReference; lastKnownFileType = sourcecode.swift; path = OpenWeather.swift; sourceTree = "<group>"; };
		45E2F7CD2A3355DA0094A0FB /* Dispatch.swift */ = {isa = PBXFileReference; lastKnownFileType = sourcecode.swift; path = Dispatch.swift; sourceTree = "<group>"; };
		45E2F7CF2A3370790094A0FB /* Forecast.swift */ = {isa = PBXFileReference; lastKnownFileType = sourcecode.swift; path = Forecast.swift; sourceTree = "<group>"; };
		45E2F7D12A3370AA0094A0FB /* Location.swift */ = {isa = PBXFileReference; lastKnownFileType = sourcecode.swift; path = Location.swift; sourceTree = "<group>"; };
		45E2F7D32A3370C60094A0FB /* City.swift */ = {isa = PBXFileReference; lastKnownFileType = sourcecode.swift; path = City.swift; sourceTree = "<group>"; };
		45E2F7D52A3370E60094A0FB /* ForecastList.swift */ = {isa = PBXFileReference; lastKnownFileType = sourcecode.swift; path = ForecastList.swift; sourceTree = "<group>"; };
		45E2F7D72A3371310094A0FB /* Weather.swift */ = {isa = PBXFileReference; lastKnownFileType = sourcecode.swift; path = Weather.swift; sourceTree = "<group>"; };
		45E2F7D92A3371580094A0FB /* Wind.swift */ = {isa = PBXFileReference; lastKnownFileType = sourcecode.swift; path = Wind.swift; sourceTree = "<group>"; };
		45E2F7DB2A33717F0094A0FB /* WeatherData.swift */ = {isa = PBXFileReference; lastKnownFileType = sourcecode.swift; path = WeatherData.swift; sourceTree = "<group>"; };
		45E2F7DF2A33B9820094A0FB /* Int.swift */ = {isa = PBXFileReference; lastKnownFileType = sourcecode.swift; path = Int.swift; sourceTree = "<group>"; };
		45E2F7E12A33B9D70094A0FB /* DateManager.swift */ = {isa = PBXFileReference; lastKnownFileType = sourcecode.swift; path = DateManager.swift; sourceTree = "<group>"; };
		45E2F7E82A33C7A10094A0FB /* WeatherViewController+LocationManager.swift */ = {isa = PBXFileReference; lastKnownFileType = sourcecode.swift; path = "WeatherViewController+LocationManager.swift"; sourceTree = "<group>"; };
		45E2F7EA2A33CE120094A0FB /* WeatherViewController+Navigation.swift */ = {isa = PBXFileReference; lastKnownFileType = sourcecode.swift; path = "WeatherViewController+Navigation.swift"; sourceTree = "<group>"; };
		45E2F7EC2A33D9A20094A0FB /* WeatherStrings.strings */ = {isa = PBXFileReference; lastKnownFileType = text.plist.strings; path = WeatherStrings.strings; sourceTree = "<group>"; };
		45E2F7EE2A33D9C40094A0FB /* Localizable.swift */ = {isa = PBXFileReference; lastKnownFileType = sourcecode.swift; path = Localizable.swift; sourceTree = "<group>"; };
		45E2F7F12A33DAAA0094A0FB /* ReachabilityManager.swift */ = {isa = PBXFileReference; lastKnownFileType = sourcecode.swift; path = ReachabilityManager.swift; sourceTree = "<group>"; };
		45E2F7F32A33DADE0094A0FB /* Rechability.swift */ = {isa = PBXFileReference; lastKnownFileType = sourcecode.swift; path = Rechability.swift; sourceTree = "<group>"; };
		45E2F7F62A33DB1C0094A0FB /* UserDefaultsManager.swift */ = {isa = PBXFileReference; lastKnownFileType = sourcecode.swift; path = UserDefaultsManager.swift; sourceTree = "<group>"; };
		45E2F7F92A33DBB90094A0FB /* AlertManager.swift */ = {isa = PBXFileReference; lastKnownFileType = sourcecode.swift; path = AlertManager.swift; sourceTree = "<group>"; };
		45E2F7FB2A39818F0094A0FB /* WeatherURLCenterTest.swift */ = {isa = PBXFileReference; lastKnownFileType = sourcecode.swift; path = WeatherURLCenterTest.swift; sourceTree = "<group>"; };
		45E2F8012A3982D20094A0FB /* MockLocation.json */ = {isa = PBXFileReference; lastKnownFileType = text.json; path = MockLocation.json; sourceTree = "<group>"; };
		45E2F8042A3983270094A0FB /* ConvertJsonToModel.swift */ = {isa = PBXFileReference; lastKnownFileType = sourcecode.swift; path = ConvertJsonToModel.swift; sourceTree = "<group>"; };
		45E2F8072A3985580094A0FB /* WeatherStrings.swift */ = {isa = PBXFileReference; lastKnownFileType = sourcecode.swift; path = WeatherStrings.swift; sourceTree = "<group>"; };
		45E2F80C2A3988B70094A0FB /* Weather.xctestplan */ = {isa = PBXFileReference; lastKnownFileType = text; path = Weather.xctestplan; sourceTree = "<group>"; };
		45E2F80E2A39896C0094A0FB /* HTTPMethodTest.swift */ = {isa = PBXFileReference; lastKnownFileType = sourcecode.swift; path = HTTPMethodTest.swift; sourceTree = "<group>"; };
		45E2F8112A398A4F0094A0FB /* IntExtensionTest.swift */ = {isa = PBXFileReference; lastKnownFileType = sourcecode.swift; path = IntExtensionTest.swift; sourceTree = "<group>"; };
		45E2F8132A398CA80094A0FB /* DateManagerTest.swift */ = {isa = PBXFileReference; lastKnownFileType = sourcecode.swift; path = DateManagerTest.swift; sourceTree = "<group>"; };
		45E2F8162A39A4590094A0FB /* AppConfigManagerTest.swift */ = {isa = PBXFileReference; lastKnownFileType = sourcecode.swift; path = AppConfigManagerTest.swift; sourceTree = "<group>"; };
		45E2F8182A39A4A90094A0FB /* AppConfigManagerProtocol.swift */ = {isa = PBXFileReference; lastKnownFileType = sourcecode.swift; path = AppConfigManagerProtocol.swift; sourceTree = "<group>"; };
/* End PBXFileReference section */

/* Begin PBXFrameworksBuildPhase section */
		45C522242A2C723400664876 /* Frameworks */ = {
			isa = PBXFrameworksBuildPhase;
			buildActionMask = 2147483647;
			files = (
			);
			runOnlyForDeploymentPostprocessing = 0;
		};
		45C5223A2A2C723500664876 /* Frameworks */ = {
			isa = PBXFrameworksBuildPhase;
			buildActionMask = 2147483647;
			files = (
			);
			runOnlyForDeploymentPostprocessing = 0;
		};
		45C522442A2C723500664876 /* Frameworks */ = {
			isa = PBXFrameworksBuildPhase;
			buildActionMask = 2147483647;
			files = (
			);
			runOnlyForDeploymentPostprocessing = 0;
		};
/* End PBXFrameworksBuildPhase section */

/* Begin PBXGroup section */
		4546D6462A2D564C00CABF81 /* URLCenter */ = {
			isa = PBXGroup;
			children = (
				45E2F7B92A332A200094A0FB /* WeatherURLCenter.swift */,
			);
			path = URLCenter;
			sourceTree = "<group>";
		};
		4546D6482A2D565A00CABF81 /* NetworkService */ = {
			isa = PBXGroup;
			children = (
				4546D6492A2D566900CABF81 /* WeatherNetworkServiceProtocol.swift */,
				4546D64B2A2D567000CABF81 /* WeatherNetworkService.swift */,
			);
			path = NetworkService;
			sourceTree = "<group>";
		};
		4546D64D2A2D56C300CABF81 /* APIError */ = {
			isa = PBXGroup;
			children = (
				4546D6502A2D570800CABF81 /* APIError.swift */,
				4546D64E2A2D56C800CABF81 /* APIResponseProtocol.swift */,
			);
			path = APIError;
			sourceTree = "<group>";
		};
		4546D6522A2D574A00CABF81 /* DependencyManager */ = {
			isa = PBXGroup;
			children = (
				4546D6542A2D57AD00CABF81 /* DependencyManager.swift */,
			);
			path = DependencyManager;
			sourceTree = "<group>";
		};
		4546D6532A2D577900CABF81 /* Models */ = {
			isa = PBXGroup;
			children = (
				45E2F7C82A334BE50094A0FB /* OpenWeather.swift */,
				45E2F7DB2A33717F0094A0FB /* WeatherData.swift */,
				45E2F7D72A3371310094A0FB /* Weather.swift */,
				45E2F7CF2A3370790094A0FB /* Forecast.swift */,
				45E2F7D52A3370E60094A0FB /* ForecastList.swift */,
				45E2F7D32A3370C60094A0FB /* City.swift */,
				45E2F7D12A3370AA0094A0FB /* Location.swift */,
				45E2F7D92A3371580094A0FB /* Wind.swift */,
			);
			path = Models;
			sourceTree = "<group>";
		};
		45B03FF12A3A03AE00A27BA4 /* MockNetworkService */ = {
			isa = PBXGroup;
			children = (
				45B03FF22A3A03C800A27BA4 /* MockNetworkService.swift */,
			);
			path = MockNetworkService;
			sourceTree = "<group>";
		};
		45C5221E2A2C723400664876 = {
			isa = PBXGroup;
			children = (
				45E2F80C2A3988B70094A0FB /* Weather.xctestplan */,
				45C522292A2C723400664876 /* Weather */,
				45C522402A2C723500664876 /* WeatherTests */,
				45C5224A2A2C723500664876 /* WeatherUITests */,
				45C522282A2C723400664876 /* Products */,
			);
			sourceTree = "<group>";
		};
		45C522282A2C723400664876 /* Products */ = {
			isa = PBXGroup;
			children = (
				45C522272A2C723400664876 /* Weather.app */,
				45C5223D2A2C723500664876 /* WeatherTests.xctest */,
				45C522472A2C723500664876 /* WeatherUITests.xctest */,
			);
			name = Products;
			sourceTree = "<group>";
		};
		45C522292A2C723400664876 /* Weather */ = {
			isa = PBXGroup;
			children = (
				45C5222A2A2C723400664876 /* AppDelegate.swift */,
				45C522332A2C723500664876 /* Assets.xcassets */,
				45C522352A2C723500664876 /* LaunchScreen.storyboard */,
				45C522382A2C723500664876 /* Info.plist */,
				45C5225A2A2C823900664876 /* Managers */,
				45C522722A2CA1CD00664876 /* WeatherStrings */,
				45C5225D2A2C824800664876 /* UIKit */,
				45C5225C2A2C824200664876 /* Controllers */,
				45C5225B2A2C823D00664876 /* Network */,
				4546D6532A2D577900CABF81 /* Models */,
			);
			path = Weather;
			sourceTree = "<group>";
		};
		45C522402A2C723500664876 /* WeatherTests */ = {
			isa = PBXGroup;
			children = (
				45E2F7FD2A3982480094A0FB /* Mocks */,
				45E2F8152A39A44C0094A0FB /* AppConfigManagerTest */,
				45E2F8102A398A430094A0FB /* Extensions */,
				45E2F80A2A3985A00094A0FB /* ViewModelTests */,
				45E2F8062A3985430094A0FB /* WeatherStrings */,
				45E2F8092A3985990094A0FB /* NetworkTests */,
			);
			path = WeatherTests;
			sourceTree = "<group>";
		};
		45C5224A2A2C723500664876 /* WeatherUITests */ = {
			isa = PBXGroup;
			children = (
				45C5224B2A2C723500664876 /* WeatherUITests.swift */,
				45C5224D2A2C723500664876 /* WeatherUITestsLaunchTests.swift */,
			);
			path = WeatherUITests;
			sourceTree = "<group>";
		};
		45C5225A2A2C823900664876 /* Managers */ = {
			isa = PBXGroup;
			children = (
				45E2F7F82A33DB8F0094A0FB /* AlertManager */,
				45E2F7F52A33DB010094A0FB /* UserDefaultsManager */,
				45E2F7F02A33DA9F0094A0FB /* RechabilityManager */,
				45E2F7E32A33BA130094A0FB /* Dispatch */,
				45E2F7C22A332EE80094A0FB /* AppConfigManager */,
				4546D6522A2D574A00CABF81 /* DependencyManager */,
			);
			path = Managers;
			sourceTree = "<group>";
		};
		45C5225B2A2C823D00664876 /* Network */ = {
			isa = PBXGroup;
			children = (
				45E2F7B32A3329D40094A0FB /* ApiKit */,
				4546D64D2A2D56C300CABF81 /* APIError */,
				4546D6482A2D565A00CABF81 /* NetworkService */,
				4546D6462A2D564C00CABF81 /* URLCenter */,
				45E2F7BF2A332B5B0094A0FB /* HTTP */,
			);
			path = Network;
			sourceTree = "<group>";
		};
		45C5225C2A2C824200664876 /* Controllers */ = {
			isa = PBXGroup;
			children = (
				45C522622A2C95E000664876 /* WeatherController */,
			);
			path = Controllers;
			sourceTree = "<group>";
		};
		45C5225D2A2C824800664876 /* UIKit */ = {
			isa = PBXGroup;
			children = (
				45E2F7CC2A3355CD0094A0FB /* Dispatch */,
				45E2F7C32A332F290094A0FB /* DebugLog */,
				45C522A22A2CF9E300664876 /* Extensions */,
				45C522752A2CA4C500664876 /* Font */,
				45C5226C2A2C9B6B00664876 /* WeatherImages */,
				45C5226F2A2C9CA200664876 /* Layout */,
				45C522692A2C9AC300664876 /* Constraints */,
				45C522662A2C99D900664876 /* BaseController */,
				45C522632A2C96D700664876 /* Colour */,
			);
			path = UIKit;
			sourceTree = "<group>";
		};
		45C522622A2C95E000664876 /* WeatherController */ = {
			isa = PBXGroup;
			children = (
				45C522942A2CEE0F00664876 /* ViewModel */,
				45C522932A2CEE0800664876 /* Controller */,
				45C522952A2CEE1600664876 /* Components */,
			);
			path = WeatherController;
			sourceTree = "<group>";
		};
		45C522632A2C96D700664876 /* Colour */ = {
			isa = PBXGroup;
			children = (
				45C522642A2C96DD00664876 /* Colour.swift */,
			);
			path = Colour;
			sourceTree = "<group>";
		};
		45C522662A2C99D900664876 /* BaseController */ = {
			isa = PBXGroup;
			children = (
				45C522672A2C99E500664876 /* OpenWeatherController.swift */,
				45C5229A2A2CEF3600664876 /* BaseView.swift */,
				45C522A32A2CFA1400664876 /* BaseTableViewCell.swift */,
			);
			path = BaseController;
			sourceTree = "<group>";
		};
		45C522692A2C9AC300664876 /* Constraints */ = {
			isa = PBXGroup;
			children = (
				45C5226A2A2C9AD000664876 /* Constraints.swift */,
			);
			path = Constraints;
			sourceTree = "<group>";
		};
		45C5226C2A2C9B6B00664876 /* WeatherImages */ = {
			isa = PBXGroup;
			children = (
				45C5226D2A2C9BC600664876 /* WeatherImages.swift */,
			);
			path = WeatherImages;
			sourceTree = "<group>";
		};
		45C5226F2A2C9CA200664876 /* Layout */ = {
			isa = PBXGroup;
			children = (
				45C522702A2C9CB500664876 /* Layout.swift */,
			);
			path = Layout;
			sourceTree = "<group>";
		};
		45C522722A2CA1CD00664876 /* WeatherStrings */ = {
			isa = PBXGroup;
			children = (
				45C522732A2CA1D800664876 /* WeatherStrings.swift */,
				45E2F7EE2A33D9C40094A0FB /* Localizable.swift */,
				45E2F7EC2A33D9A20094A0FB /* WeatherStrings.strings */,
			);
			path = WeatherStrings;
			sourceTree = "<group>";
		};
		45C522752A2CA4C500664876 /* Font */ = {
			isa = PBXGroup;
			children = (
				45C522792A2CA7D900664876 /* SourceSansPro-Black.ttf */,
				45C522812A2CA7D900664876 /* SourceSansPro-BlackItalic.ttf */,
				45C5227C2A2CA7D900664876 /* SourceSansPro-Bold.ttf */,
				45C5227F2A2CA7D900664876 /* SourceSansPro-BoldItalic.ttf */,
				45C5227E2A2CA7D900664876 /* SourceSansPro-ExtraLight.ttf */,
				45C5227A2A2CA7D900664876 /* SourceSansPro-ExtraLightItalic.ttf */,
				45C522832A2CA7D900664876 /* SourceSansPro-Italic.ttf */,
				45C5227D2A2CA7D900664876 /* SourceSansPro-Light.ttf */,
				45C522822A2CA7D900664876 /* SourceSansPro-LightItalic.ttf */,
				45C5227B2A2CA7D900664876 /* SourceSansPro-Regular.ttf */,
				45C522802A2CA7D900664876 /* SourceSansPro-SemiBold.ttf */,
				45C522782A2CA7D900664876 /* SourceSansPro-SemiBoldItalic.ttf */,
				45C522762A2CA50100664876 /* Font.swift */,
			);
			path = Font;
			sourceTree = "<group>";
		};
		45C522932A2CEE0800664876 /* Controller */ = {
			isa = PBXGroup;
			children = (
				45C522912A2CED3700664876 /* WeatherViewController.swift */,
				45E2F7E82A33C7A10094A0FB /* WeatherViewController+LocationManager.swift */,
				45C5229C2A2CF6C500664876 /* WeatherViewController+WeatherViewModelDelegate.swift */,
				45C5229E2A2CF77600664876 /* WeatherViewController+TableView.swift */,
				45E2F7EA2A33CE120094A0FB /* WeatherViewController+Navigation.swift */,
			);
			path = Controller;
			sourceTree = "<group>";
		};
		45C522942A2CEE0F00664876 /* ViewModel */ = {
			isa = PBXGroup;
			children = (
				45B03FF42A3A0B6700A27BA4 /* WeatherViewModelDelegate.swift */,
				45C522962A2CEE5600664876 /* WeatherViewModel.swift */,
			);
			path = ViewModel;
			sourceTree = "<group>";
		};
		45C522952A2CEE1600664876 /* Components */ = {
			isa = PBXGroup;
			children = (
				45C522982A2CEEFA00664876 /* WeatherHeaderView.swift */,
				45C522A02A2CF9B400664876 /* FocastTableViewCell.swift */,
				45C522A72A2D038900664876 /* WeatherTableCell.swift */,
			);
			path = Components;
			sourceTree = "<group>";
		};
		45C522A22A2CF9E300664876 /* Extensions */ = {
			isa = PBXGroup;
			children = (
				45C522A52A2CFB4B00664876 /* UITableViewCell.swift */,
				45E2F7DF2A33B9820094A0FB /* Int.swift */,
				45E2F7E12A33B9D70094A0FB /* DateManager.swift */,
			);
			path = Extensions;
			sourceTree = "<group>";
		};
		45E2F7B32A3329D40094A0FB /* ApiKit */ = {
			isa = PBXGroup;
			children = (
				45E2F7B62A3329FA0094A0FB /* APIKitProtocol.swift */,
				45E2F7B42A3329EB0094A0FB /* APIKit.swift */,
			);
			path = ApiKit;
			sourceTree = "<group>";
		};
		45E2F7BF2A332B5B0094A0FB /* HTTP */ = {
			isa = PBXGroup;
			children = (
				45E2F7BD2A332B260094A0FB /* HTTPMethod.swift */,
				45E2F7C02A332B680094A0FB /* HTTPHeaders.swift */,
			);
			path = HTTP;
			sourceTree = "<group>";
		};
		45E2F7C22A332EE80094A0FB /* AppConfigManager */ = {
			isa = PBXGroup;
			children = (
				45E2F8182A39A4A90094A0FB /* AppConfigManagerProtocol.swift */,
				45E2F7BB2A332A520094A0FB /* AppConfigManager.swift */,
			);
			path = AppConfigManager;
			sourceTree = "<group>";
		};
		45E2F7C32A332F290094A0FB /* DebugLog */ = {
			isa = PBXGroup;
			children = (
				45E2F7C62A3349DF0094A0FB /* DebugLog.swift */,
			);
			path = DebugLog;
			sourceTree = "<group>";
		};
		45E2F7CC2A3355CD0094A0FB /* Dispatch */ = {
			isa = PBXGroup;
			children = (
			);
			path = Dispatch;
			sourceTree = "<group>";
		};
		45E2F7E32A33BA130094A0FB /* Dispatch */ = {
			isa = PBXGroup;
			children = (
				45E2F7CD2A3355DA0094A0FB /* Dispatch.swift */,
			);
			path = Dispatch;
			sourceTree = "<group>";
		};
		45E2F7F02A33DA9F0094A0FB /* RechabilityManager */ = {
			isa = PBXGroup;
			children = (
				45E2F7F12A33DAAA0094A0FB /* ReachabilityManager.swift */,
				45E2F7F32A33DADE0094A0FB /* Rechability.swift */,
			);
			path = RechabilityManager;
			sourceTree = "<group>";
		};
		45E2F7F52A33DB010094A0FB /* UserDefaultsManager */ = {
			isa = PBXGroup;
			children = (
				45E2F7F62A33DB1C0094A0FB /* UserDefaultsManager.swift */,
			);
			path = UserDefaultsManager;
			sourceTree = "<group>";
		};
		45E2F7F82A33DB8F0094A0FB /* AlertManager */ = {
			isa = PBXGroup;
			children = (
				45E2F7F92A33DBB90094A0FB /* AlertManager.swift */,
			);
			path = AlertManager;
			sourceTree = "<group>";
		};
		45E2F7FD2A3982480094A0FB /* Mocks */ = {
			isa = PBXGroup;
			children = (
				45E2F8012A3982D20094A0FB /* MockLocation.json */,
				45B03FFA2A3A28FD00A27BA4 /* MockOpenWeather.json */,
				45B03FFC2A3A292500A27BA4 /* MockFocast.json */,
				45E2F8032A3983150094A0FB /* ConvertJsonToModel */,
			);
			path = Mocks;
			sourceTree = "<group>";
		};
		45E2F7FE2A39824F0094A0FB /* WeatherURLCenterTest */ = {
			isa = PBXGroup;
			children = (
				45E2F7FB2A39818F0094A0FB /* WeatherURLCenterTest.swift */,
			);
			path = WeatherURLCenterTest;
			sourceTree = "<group>";
		};
		45E2F8032A3983150094A0FB /* ConvertJsonToModel */ = {
			isa = PBXGroup;
			children = (
				45E2F8042A3983270094A0FB /* ConvertJsonToModel.swift */,
			);
			path = ConvertJsonToModel;
			sourceTree = "<group>";
		};
		45E2F8062A3985430094A0FB /* WeatherStrings */ = {
			isa = PBXGroup;
			children = (
				45E2F8072A3985580094A0FB /* WeatherStrings.swift */,
			);
			path = WeatherStrings;
			sourceTree = "<group>";
		};
		45E2F8092A3985990094A0FB /* NetworkTests */ = {
			isa = PBXGroup;
			children = (
				45B03FF12A3A03AE00A27BA4 /* MockNetworkService */,
				45E2F80D2A3989650094A0FB /* HTTPMethodTest */,
				45E2F7FE2A39824F0094A0FB /* WeatherURLCenterTest */,
			);
			path = NetworkTests;
			sourceTree = "<group>";
		};
		45E2F80A2A3985A00094A0FB /* ViewModelTests */ = {
			isa = PBXGroup;
			children = (
				45B03FF62A3A135200A27BA4 /* WeatherViewModelDelegateMock.swift */,
				45B03F092A39B5BE00A27BA4 /* WeatherViewModelTests.swift */,
			);
			path = ViewModelTests;
			sourceTree = "<group>";
		};
		45E2F80D2A3989650094A0FB /* HTTPMethodTest */ = {
			isa = PBXGroup;
			children = (
				45E2F80E2A39896C0094A0FB /* HTTPMethodTest.swift */,
			);
			path = HTTPMethodTest;
			sourceTree = "<group>";
		};
		45E2F8102A398A430094A0FB /* Extensions */ = {
			isa = PBXGroup;
			children = (
				45E2F8112A398A4F0094A0FB /* IntExtensionTest.swift */,
				45E2F8132A398CA80094A0FB /* DateManagerTest.swift */,
			);
			path = Extensions;
			sourceTree = "<group>";
		};
		45E2F8152A39A44C0094A0FB /* AppConfigManagerTest */ = {
			isa = PBXGroup;
			children = (
				45E2F8162A39A4590094A0FB /* AppConfigManagerTest.swift */,
			);
			path = AppConfigManagerTest;
			sourceTree = "<group>";
		};
/* End PBXGroup section */

/* Begin PBXNativeTarget section */
		45C522262A2C723400664876 /* Weather */ = {
			isa = PBXNativeTarget;
			buildConfigurationList = 45C522512A2C723500664876 /* Build configuration list for PBXNativeTarget "Weather" */;
			buildPhases = (
				45C522232A2C723400664876 /* Sources */,
				45C522242A2C723400664876 /* Frameworks */,
				45C522252A2C723400664876 /* Resources */,
			);
			buildRules = (
			);
			dependencies = (
			);
			name = Weather;
			productName = Weather;
			productReference = 45C522272A2C723400664876 /* Weather.app */;
			productType = "com.apple.product-type.application";
		};
		45C5223C2A2C723500664876 /* WeatherTests */ = {
			isa = PBXNativeTarget;
			buildConfigurationList = 45C522542A2C723500664876 /* Build configuration list for PBXNativeTarget "WeatherTests" */;
			buildPhases = (
				45C522392A2C723500664876 /* Sources */,
				45C5223A2A2C723500664876 /* Frameworks */,
				45C5223B2A2C723500664876 /* Resources */,
			);
			buildRules = (
			);
			dependencies = (
				45C5223F2A2C723500664876 /* PBXTargetDependency */,
			);
			name = WeatherTests;
			productName = WeatherTests;
			productReference = 45C5223D2A2C723500664876 /* WeatherTests.xctest */;
			productType = "com.apple.product-type.bundle.unit-test";
		};
		45C522462A2C723500664876 /* WeatherUITests */ = {
			isa = PBXNativeTarget;
			buildConfigurationList = 45C522572A2C723500664876 /* Build configuration list for PBXNativeTarget "WeatherUITests" */;
			buildPhases = (
				45C522432A2C723500664876 /* Sources */,
				45C522442A2C723500664876 /* Frameworks */,
				45C522452A2C723500664876 /* Resources */,
			);
			buildRules = (
			);
			dependencies = (
				45C522492A2C723500664876 /* PBXTargetDependency */,
			);
			name = WeatherUITests;
			productName = WeatherUITests;
			productReference = 45C522472A2C723500664876 /* WeatherUITests.xctest */;
			productType = "com.apple.product-type.bundle.ui-testing";
		};
/* End PBXNativeTarget section */

/* Begin PBXProject section */
		45C5221F2A2C723400664876 /* Project object */ = {
			isa = PBXProject;
			attributes = {
				BuildIndependentTargetsInParallel = 1;
				LastSwiftUpdateCheck = 1430;
				LastUpgradeCheck = 1430;
				TargetAttributes = {
					45C522262A2C723400664876 = {
						CreatedOnToolsVersion = 14.3;
					};
					45C5223C2A2C723500664876 = {
						CreatedOnToolsVersion = 14.3;
						TestTargetID = 45C522262A2C723400664876;
					};
					45C522462A2C723500664876 = {
						CreatedOnToolsVersion = 14.3;
						TestTargetID = 45C522262A2C723400664876;
					};
				};
			};
			buildConfigurationList = 45C522222A2C723400664876 /* Build configuration list for PBXProject "Weather" */;
			compatibilityVersion = "Xcode 14.0";
			developmentRegion = en;
			hasScannedForEncodings = 0;
			knownRegions = (
				en,
				Base,
			);
			mainGroup = 45C5221E2A2C723400664876;
			productRefGroup = 45C522282A2C723400664876 /* Products */;
			projectDirPath = "";
			projectRoot = "";
			targets = (
				45C522262A2C723400664876 /* Weather */,
				45C5223C2A2C723500664876 /* WeatherTests */,
				45C522462A2C723500664876 /* WeatherUITests */,
			);
		};
/* End PBXProject section */

/* Begin PBXResourcesBuildPhase section */
		45C522252A2C723400664876 /* Resources */ = {
			isa = PBXResourcesBuildPhase;
			buildActionMask = 2147483647;
			files = (
				45C5228D2A2CA7D900664876 /* SourceSansPro-BlackItalic.ttf in Resources */,
				45C522862A2CA7D900664876 /* SourceSansPro-ExtraLightItalic.ttf in Resources */,
				45C5228B2A2CA7D900664876 /* SourceSansPro-BoldItalic.ttf in Resources */,
				45C522852A2CA7D900664876 /* SourceSansPro-Black.ttf in Resources */,
				45C522372A2C723500664876 /* LaunchScreen.storyboard in Resources */,
				45C5228C2A2CA7D900664876 /* SourceSansPro-SemiBold.ttf in Resources */,
				45C5228A2A2CA7D900664876 /* SourceSansPro-ExtraLight.ttf in Resources */,
				45C522842A2CA7D900664876 /* SourceSansPro-SemiBoldItalic.ttf in Resources */,
				45C522342A2C723500664876 /* Assets.xcassets in Resources */,
				45E2F7ED2A33D9A20094A0FB /* WeatherStrings.strings in Resources */,
				45C522882A2CA7D900664876 /* SourceSansPro-Bold.ttf in Resources */,
				45C522872A2CA7D900664876 /* SourceSansPro-Regular.ttf in Resources */,
				45C522892A2CA7D900664876 /* SourceSansPro-Light.ttf in Resources */,
				45C5228F2A2CA7D900664876 /* SourceSansPro-Italic.ttf in Resources */,
				45C5228E2A2CA7D900664876 /* SourceSansPro-LightItalic.ttf in Resources */,
			);
			runOnlyForDeploymentPostprocessing = 0;
		};
		45C5223B2A2C723500664876 /* Resources */ = {
			isa = PBXResourcesBuildPhase;
			buildActionMask = 2147483647;
			files = (
				45B03FFB2A3A28FD00A27BA4 /* MockOpenWeather.json in Resources */,
				45B03FFD2A3A292500A27BA4 /* MockFocast.json in Resources */,
				45E2F8022A3982D20094A0FB /* MockLocation.json in Resources */,
			);
			runOnlyForDeploymentPostprocessing = 0;
		};
		45C522452A2C723500664876 /* Resources */ = {
			isa = PBXResourcesBuildPhase;
			buildActionMask = 2147483647;
			files = (
			);
			runOnlyForDeploymentPostprocessing = 0;
		};
/* End PBXResourcesBuildPhase section */

/* Begin PBXSourcesBuildPhase section */
		45C522232A2C723400664876 /* Sources */ = {
			isa = PBXSourcesBuildPhase;
			buildActionMask = 2147483647;
			files = (
				45C522682A2C99E500664876 /* OpenWeatherController.swift in Sources */,
				45C522A82A2D038900664876 /* WeatherTableCell.swift in Sources */,
				45E2F7D62A3370E60094A0FB /* ForecastList.swift in Sources */,
				45E2F7E02A33B9820094A0FB /* Int.swift in Sources */,
				45C5229B2A2CEF3600664876 /* BaseView.swift in Sources */,
				45E2F7FA2A33DBB90094A0FB /* AlertManager.swift in Sources */,
				45E2F7B72A3329FA0094A0FB /* APIKitProtocol.swift in Sources */,
				45C522922A2CED3700664876 /* WeatherViewController.swift in Sources */,
				4546D64C2A2D567000CABF81 /* WeatherNetworkService.swift in Sources */,
				45C5229F2A2CF77600664876 /* WeatherViewController+TableView.swift in Sources */,
				45E2F7F42A33DADE0094A0FB /* Rechability.swift in Sources */,
				45E2F8192A39A4A90094A0FB /* AppConfigManagerProtocol.swift in Sources */,
				45C522742A2CA1D800664876 /* WeatherStrings.swift in Sources */,
				45C522652A2C96DD00664876 /* Colour.swift in Sources */,
				45E2F7D02A3370790094A0FB /* Forecast.swift in Sources */,
				45E2F7B52A3329EB0094A0FB /* APIKit.swift in Sources */,
				45E2F7D42A3370C60094A0FB /* City.swift in Sources */,
				45E2F7EF2A33D9C40094A0FB /* Localizable.swift in Sources */,
				45C5226B2A2C9AD000664876 /* Constraints.swift in Sources */,
				45C522A12A2CF9B400664876 /* FocastTableViewCell.swift in Sources */,
				45B03FF52A3A0B6700A27BA4 /* WeatherViewModelDelegate.swift in Sources */,
				45C522A62A2CFB4B00664876 /* UITableViewCell.swift in Sources */,
				45E2F7E22A33B9D70094A0FB /* DateManager.swift in Sources */,
				45C522772A2CA50100664876 /* Font.swift in Sources */,
				4546D64A2A2D566900CABF81 /* WeatherNetworkServiceProtocol.swift in Sources */,
				4546D64F2A2D56C800CABF81 /* APIResponseProtocol.swift in Sources */,
				45E2F7C92A334BE50094A0FB /* OpenWeather.swift in Sources */,
				45C5229D2A2CF6C500664876 /* WeatherViewController+WeatherViewModelDelegate.swift in Sources */,
				45C522712A2C9CB500664876 /* Layout.swift in Sources */,
				45E2F7C12A332B680094A0FB /* HTTPHeaders.swift in Sources */,
				45E2F7D22A3370AA0094A0FB /* Location.swift in Sources */,
				45E2F7BE2A332B260094A0FB /* HTTPMethod.swift in Sources */,
				45C522A42A2CFA1400664876 /* BaseTableViewCell.swift in Sources */,
				45E2F7F22A33DAAA0094A0FB /* ReachabilityManager.swift in Sources */,
				45C522972A2CEE5600664876 /* WeatherViewModel.swift in Sources */,
				45E2F7BA2A332A200094A0FB /* WeatherURLCenter.swift in Sources */,
				45E2F7EB2A33CE120094A0FB /* WeatherViewController+Navigation.swift in Sources */,
				45E2F7CE2A3355DA0094A0FB /* Dispatch.swift in Sources */,
				45E2F7DA2A3371580094A0FB /* Wind.swift in Sources */,
				45C5226E2A2C9BC600664876 /* WeatherImages.swift in Sources */,
				45E2F7F72A33DB1C0094A0FB /* UserDefaultsManager.swift in Sources */,
				45C522992A2CEEFA00664876 /* WeatherHeaderView.swift in Sources */,
				4546D6512A2D570800CABF81 /* APIError.swift in Sources */,
				45E2F7E92A33C7A10094A0FB /* WeatherViewController+LocationManager.swift in Sources */,
				45E2F7D82A3371310094A0FB /* Weather.swift in Sources */,
				45E2F7C72A3349DF0094A0FB /* DebugLog.swift in Sources */,
				45E2F7BC2A332A520094A0FB /* AppConfigManager.swift in Sources */,
				4546D6552A2D57AD00CABF81 /* DependencyManager.swift in Sources */,
				45E2F7DC2A33717F0094A0FB /* WeatherData.swift in Sources */,
				45C5222B2A2C723400664876 /* AppDelegate.swift in Sources */,
			);
			runOnlyForDeploymentPostprocessing = 0;
		};
		45C522392A2C723500664876 /* Sources */ = {
			isa = PBXSourcesBuildPhase;
			buildActionMask = 2147483647;
			files = (
				45B03FF32A3A03C800A27BA4 /* MockNetworkService.swift in Sources */,
				45B03FF72A3A135200A27BA4 /* WeatherViewModelDelegateMock.swift in Sources */,
				45E2F80F2A39896C0094A0FB /* HTTPMethodTest.swift in Sources */,
				45E2F8142A398CA80094A0FB /* DateManagerTest.swift in Sources */,
				45E2F8172A39A4590094A0FB /* AppConfigManagerTest.swift in Sources */,
				45E2F7FC2A39818F0094A0FB /* WeatherURLCenterTest.swift in Sources */,
				45E2F8082A3985580094A0FB /* WeatherStrings.swift in Sources */,
				45E2F8052A3983270094A0FB /* ConvertJsonToModel.swift in Sources */,
				45E2F8122A398A4F0094A0FB /* IntExtensionTest.swift in Sources */,
				45B03F0A2A39B5BE00A27BA4 /* WeatherViewModelTests.swift in Sources */,
			);
			runOnlyForDeploymentPostprocessing = 0;
		};
		45C522432A2C723500664876 /* Sources */ = {
			isa = PBXSourcesBuildPhase;
			buildActionMask = 2147483647;
			files = (
				45C5224C2A2C723500664876 /* WeatherUITests.swift in Sources */,
				45C5224E2A2C723500664876 /* WeatherUITestsLaunchTests.swift in Sources */,
			);
			runOnlyForDeploymentPostprocessing = 0;
		};
/* End PBXSourcesBuildPhase section */

/* Begin PBXTargetDependency section */
		45C5223F2A2C723500664876 /* PBXTargetDependency */ = {
			isa = PBXTargetDependency;
			target = 45C522262A2C723400664876 /* Weather */;
			targetProxy = 45C5223E2A2C723500664876 /* PBXContainerItemProxy */;
		};
		45C522492A2C723500664876 /* PBXTargetDependency */ = {
			isa = PBXTargetDependency;
			target = 45C522262A2C723400664876 /* Weather */;
			targetProxy = 45C522482A2C723500664876 /* PBXContainerItemProxy */;
		};
/* End PBXTargetDependency section */

/* Begin PBXVariantGroup section */
		45C522352A2C723500664876 /* LaunchScreen.storyboard */ = {
			isa = PBXVariantGroup;
			children = (
				45C522362A2C723500664876 /* Base */,
			);
			name = LaunchScreen.storyboard;
			sourceTree = "<group>";
		};
/* End PBXVariantGroup section */

/* Begin XCBuildConfiguration section */
		45C5224F2A2C723500664876 /* Debug */ = {
			isa = XCBuildConfiguration;
			buildSettings = {
				ALWAYS_SEARCH_USER_PATHS = NO;
				CLANG_ANALYZER_NONNULL = YES;
				CLANG_ANALYZER_NUMBER_OBJECT_CONVERSION = YES_AGGRESSIVE;
				CLANG_CXX_LANGUAGE_STANDARD = "gnu++20";
				CLANG_ENABLE_MODULES = YES;
				CLANG_ENABLE_OBJC_ARC = YES;
				CLANG_ENABLE_OBJC_WEAK = YES;
				CLANG_WARN_BLOCK_CAPTURE_AUTORELEASING = YES;
				CLANG_WARN_BOOL_CONVERSION = YES;
				CLANG_WARN_COMMA = YES;
				CLANG_WARN_CONSTANT_CONVERSION = YES;
				CLANG_WARN_DEPRECATED_OBJC_IMPLEMENTATIONS = YES;
				CLANG_WARN_DIRECT_OBJC_ISA_USAGE = YES_ERROR;
				CLANG_WARN_DOCUMENTATION_COMMENTS = YES;
				CLANG_WARN_EMPTY_BODY = YES;
				CLANG_WARN_ENUM_CONVERSION = YES;
				CLANG_WARN_INFINITE_RECURSION = YES;
				CLANG_WARN_INT_CONVERSION = YES;
				CLANG_WARN_NON_LITERAL_NULL_CONVERSION = YES;
				CLANG_WARN_OBJC_IMPLICIT_RETAIN_SELF = YES;
				CLANG_WARN_OBJC_LITERAL_CONVERSION = YES;
				CLANG_WARN_OBJC_ROOT_CLASS = YES_ERROR;
				CLANG_WARN_QUOTED_INCLUDE_IN_FRAMEWORK_HEADER = YES;
				CLANG_WARN_RANGE_LOOP_ANALYSIS = YES;
				CLANG_WARN_STRICT_PROTOTYPES = YES;
				CLANG_WARN_SUSPICIOUS_MOVE = YES;
				CLANG_WARN_UNGUARDED_AVAILABILITY = YES_AGGRESSIVE;
				CLANG_WARN_UNREACHABLE_CODE = YES;
				CLANG_WARN__DUPLICATE_METHOD_MATCH = YES;
				COPY_PHASE_STRIP = NO;
				DEBUG_INFORMATION_FORMAT = dwarf;
				ENABLE_STRICT_OBJC_MSGSEND = YES;
				ENABLE_TESTABILITY = YES;
				GCC_C_LANGUAGE_STANDARD = gnu11;
				GCC_DYNAMIC_NO_PIC = NO;
				GCC_NO_COMMON_BLOCKS = YES;
				GCC_OPTIMIZATION_LEVEL = 0;
				GCC_PREPROCESSOR_DEFINITIONS = (
					"DEBUG=1",
					"$(inherited)",
				);
				GCC_WARN_64_TO_32_BIT_CONVERSION = YES;
				GCC_WARN_ABOUT_RETURN_TYPE = YES_ERROR;
				GCC_WARN_UNDECLARED_SELECTOR = YES;
				GCC_WARN_UNINITIALIZED_AUTOS = YES_AGGRESSIVE;
				GCC_WARN_UNUSED_FUNCTION = YES;
				GCC_WARN_UNUSED_VARIABLE = YES;
				IPHONEOS_DEPLOYMENT_TARGET = 16.4;
				MTL_ENABLE_DEBUG_INFO = INCLUDE_SOURCE;
				MTL_FAST_MATH = YES;
				ONLY_ACTIVE_ARCH = YES;
				SDKROOT = iphoneos;
				SWIFT_ACTIVE_COMPILATION_CONDITIONS = DEBUG;
				SWIFT_OPTIMIZATION_LEVEL = "-Onone";
			};
			name = Debug;
		};
		45C522502A2C723500664876 /* Release */ = {
			isa = XCBuildConfiguration;
			buildSettings = {
				ALWAYS_SEARCH_USER_PATHS = NO;
				CLANG_ANALYZER_NONNULL = YES;
				CLANG_ANALYZER_NUMBER_OBJECT_CONVERSION = YES_AGGRESSIVE;
				CLANG_CXX_LANGUAGE_STANDARD = "gnu++20";
				CLANG_ENABLE_MODULES = YES;
				CLANG_ENABLE_OBJC_ARC = YES;
				CLANG_ENABLE_OBJC_WEAK = YES;
				CLANG_WARN_BLOCK_CAPTURE_AUTORELEASING = YES;
				CLANG_WARN_BOOL_CONVERSION = YES;
				CLANG_WARN_COMMA = YES;
				CLANG_WARN_CONSTANT_CONVERSION = YES;
				CLANG_WARN_DEPRECATED_OBJC_IMPLEMENTATIONS = YES;
				CLANG_WARN_DIRECT_OBJC_ISA_USAGE = YES_ERROR;
				CLANG_WARN_DOCUMENTATION_COMMENTS = YES;
				CLANG_WARN_EMPTY_BODY = YES;
				CLANG_WARN_ENUM_CONVERSION = YES;
				CLANG_WARN_INFINITE_RECURSION = YES;
				CLANG_WARN_INT_CONVERSION = YES;
				CLANG_WARN_NON_LITERAL_NULL_CONVERSION = YES;
				CLANG_WARN_OBJC_IMPLICIT_RETAIN_SELF = YES;
				CLANG_WARN_OBJC_LITERAL_CONVERSION = YES;
				CLANG_WARN_OBJC_ROOT_CLASS = YES_ERROR;
				CLANG_WARN_QUOTED_INCLUDE_IN_FRAMEWORK_HEADER = YES;
				CLANG_WARN_RANGE_LOOP_ANALYSIS = YES;
				CLANG_WARN_STRICT_PROTOTYPES = YES;
				CLANG_WARN_SUSPICIOUS_MOVE = YES;
				CLANG_WARN_UNGUARDED_AVAILABILITY = YES_AGGRESSIVE;
				CLANG_WARN_UNREACHABLE_CODE = YES;
				CLANG_WARN__DUPLICATE_METHOD_MATCH = YES;
				COPY_PHASE_STRIP = NO;
				DEBUG_INFORMATION_FORMAT = "dwarf-with-dsym";
				ENABLE_NS_ASSERTIONS = NO;
				ENABLE_STRICT_OBJC_MSGSEND = YES;
				GCC_C_LANGUAGE_STANDARD = gnu11;
				GCC_NO_COMMON_BLOCKS = YES;
				GCC_WARN_64_TO_32_BIT_CONVERSION = YES;
				GCC_WARN_ABOUT_RETURN_TYPE = YES_ERROR;
				GCC_WARN_UNDECLARED_SELECTOR = YES;
				GCC_WARN_UNINITIALIZED_AUTOS = YES_AGGRESSIVE;
				GCC_WARN_UNUSED_FUNCTION = YES;
				GCC_WARN_UNUSED_VARIABLE = YES;
				IPHONEOS_DEPLOYMENT_TARGET = 16.4;
				MTL_ENABLE_DEBUG_INFO = NO;
				MTL_FAST_MATH = YES;
				SDKROOT = iphoneos;
				SWIFT_COMPILATION_MODE = wholemodule;
				SWIFT_OPTIMIZATION_LEVEL = "-O";
				VALIDATE_PRODUCT = YES;
			};
			name = Release;
		};
		45C522522A2C723500664876 /* Debug */ = {
			isa = XCBuildConfiguration;
			buildSettings = {
				ASSETCATALOG_COMPILER_APPICON_NAME = AppIcon;
				ASSETCATALOG_COMPILER_GLOBAL_ACCENT_COLOR_NAME = AccentColor;
				CODE_SIGN_STYLE = Automatic;
				CURRENT_PROJECT_VERSION = 1000;
				GENERATE_INFOPLIST_FILE = YES;
				INFOPLIST_FILE = Weather/Info.plist;
				INFOPLIST_KEY_UIApplicationSupportsIndirectInputEvents = YES;
				INFOPLIST_KEY_UILaunchStoryboardName = LaunchScreen;
				INFOPLIST_KEY_UISupportedInterfaceOrientations = UIInterfaceOrientationPortrait;
				LD_RUNPATH_SEARCH_PATHS = (
					"$(inherited)",
					"@executable_path/Frameworks",
				);
				MARKETING_VERSION = 1.0.0;
				PRODUCT_BUNDLE_IDENTIFIER = globalkinetic.weather.develop;
				PRODUCT_NAME = "$(TARGET_NAME)";
				SUPPORTED_PLATFORMS = "iphoneos iphonesimulator";
				SUPPORTS_MACCATALYST = NO;
				SUPPORTS_MAC_DESIGNED_FOR_IPHONE_IPAD = NO;
				SWIFT_EMIT_LOC_STRINGS = YES;
				SWIFT_VERSION = 5.0;
				TARGETED_DEVICE_FAMILY = 1;
			};
			name = Debug;
		};
		45C522532A2C723500664876 /* Release */ = {
			isa = XCBuildConfiguration;
			buildSettings = {
				ASSETCATALOG_COMPILER_APPICON_NAME = AppIcon;
				ASSETCATALOG_COMPILER_GLOBAL_ACCENT_COLOR_NAME = AccentColor;
				CLANG_ENABLE_CODE_COVERAGE = NO;
				CODE_SIGN_STYLE = Automatic;
				CURRENT_PROJECT_VERSION = 1000;
				GENERATE_INFOPLIST_FILE = YES;
				INFOPLIST_FILE = Weather/Info.plist;
				INFOPLIST_KEY_UIApplicationSupportsIndirectInputEvents = YES;
				INFOPLIST_KEY_UILaunchStoryboardName = LaunchScreen;
				INFOPLIST_KEY_UISupportedInterfaceOrientations = UIInterfaceOrientationPortrait;
				LD_RUNPATH_SEARCH_PATHS = (
					"$(inherited)",
					"@executable_path/Frameworks",
				);
				MARKETING_VERSION = 1.0.0;
				PRODUCT_BUNDLE_IDENTIFIER = globalkinetic.weather.production;
				PRODUCT_NAME = "$(TARGET_NAME)";
				SUPPORTED_PLATFORMS = "iphoneos iphonesimulator";
				SUPPORTS_MACCATALYST = NO;
				SUPPORTS_MAC_DESIGNED_FOR_IPHONE_IPAD = NO;
				SWIFT_EMIT_LOC_STRINGS = YES;
				SWIFT_VERSION = 5.0;
				TARGETED_DEVICE_FAMILY = 1;
			};
			name = Release;
		};
		45C522552A2C723500664876 /* Debug */ = {
			isa = XCBuildConfiguration;
			buildSettings = {
				ALWAYS_EMBED_SWIFT_STANDARD_LIBRARIES = YES;
				BUNDLE_LOADER = "$(TEST_HOST)";
				CODE_SIGN_STYLE = Automatic;
				CURRENT_PROJECT_VERSION = 1;
				GENERATE_INFOPLIST_FILE = YES;
				IPHONEOS_DEPLOYMENT_TARGET = 16.4;
				MARKETING_VERSION = 1.0;
				PRODUCT_BUNDLE_IDENTIFIER = globalkinetic.WeatherTests;
				PRODUCT_NAME = "$(TARGET_NAME)";
				SUPPORTED_PLATFORMS = "iphoneos iphonesimulator";
				SUPPORTS_MACCATALYST = NO;
				SUPPORTS_MAC_DESIGNED_FOR_IPHONE_IPAD = NO;
				SWIFT_EMIT_LOC_STRINGS = NO;
				SWIFT_VERSION = 5.0;
				TARGETED_DEVICE_FAMILY = 1;
				TEST_HOST = "$(BUILT_PRODUCTS_DIR)/Weather.app/$(BUNDLE_EXECUTABLE_FOLDER_PATH)/Weather";
			};
			name = Debug;
		};
		45C522562A2C723500664876 /* Release */ = {
			isa = XCBuildConfiguration;
			buildSettings = {
				ALWAYS_EMBED_SWIFT_STANDARD_LIBRARIES = YES;
				BUNDLE_LOADER = "$(TEST_HOST)";
				CLANG_ENABLE_CODE_COVERAGE = NO;
				CODE_SIGN_STYLE = Automatic;
				CURRENT_PROJECT_VERSION = 1;
				GENERATE_INFOPLIST_FILE = YES;
				IPHONEOS_DEPLOYMENT_TARGET = 16.4;
				MARKETING_VERSION = 1.0;
				PRODUCT_BUNDLE_IDENTIFIER = globalkinetic.WeatherTests;
				PRODUCT_NAME = "$(TARGET_NAME)";
				SUPPORTED_PLATFORMS = "iphoneos iphonesimulator";
				SUPPORTS_MACCATALYST = NO;
				SUPPORTS_MAC_DESIGNED_FOR_IPHONE_IPAD = NO;
				SWIFT_EMIT_LOC_STRINGS = NO;
				SWIFT_VERSION = 5.0;
				TARGETED_DEVICE_FAMILY = 1;
				TEST_HOST = "$(BUILT_PRODUCTS_DIR)/Weather.app/$(BUNDLE_EXECUTABLE_FOLDER_PATH)/Weather";
			};
			name = Release;
		};
		45C522582A2C723500664876 /* Debug */ = {
			isa = XCBuildConfiguration;
			buildSettings = {
				ALWAYS_EMBED_SWIFT_STANDARD_LIBRARIES = YES;
				CODE_SIGN_STYLE = Automatic;
				CURRENT_PROJECT_VERSION = 1;
				GENERATE_INFOPLIST_FILE = YES;
				MARKETING_VERSION = 1.0;
				PRODUCT_BUNDLE_IDENTIFIER = globalkinetic.WeatherUITests;
				PRODUCT_NAME = "$(TARGET_NAME)";
				SWIFT_EMIT_LOC_STRINGS = NO;
				SWIFT_VERSION = 5.0;
				TARGETED_DEVICE_FAMILY = "1,2";
				TEST_TARGET_NAME = Weather;
			};
			name = Debug;
		};
		45C522592A2C723500664876 /* Release */ = {
			isa = XCBuildConfiguration;
			buildSettings = {
				ALWAYS_EMBED_SWIFT_STANDARD_LIBRARIES = YES;
				CODE_SIGN_STYLE = Automatic;
				CURRENT_PROJECT_VERSION = 1;
				GENERATE_INFOPLIST_FILE = YES;
				MARKETING_VERSION = 1.0;
				PRODUCT_BUNDLE_IDENTIFIER = globalkinetic.WeatherUITests;
				PRODUCT_NAME = "$(TARGET_NAME)";
				SWIFT_EMIT_LOC_STRINGS = NO;
				SWIFT_VERSION = 5.0;
				TARGETED_DEVICE_FAMILY = "1,2";
				TEST_TARGET_NAME = Weather;
			};
			name = Release;
		};
/* End XCBuildConfiguration section */

/* Begin XCConfigurationList section */
		45C522222A2C723400664876 /* Build configuration list for PBXProject "Weather" */ = {
			isa = XCConfigurationList;
			buildConfigurations = (
				45C5224F2A2C723500664876 /* Debug */,
				45C522502A2C723500664876 /* Release */,
			);
			defaultConfigurationIsVisible = 0;
			defaultConfigurationName = Release;
		};
		45C522512A2C723500664876 /* Build configuration list for PBXNativeTarget "Weather" */ = {
			isa = XCConfigurationList;
			buildConfigurations = (
				45C522522A2C723500664876 /* Debug */,
				45C522532A2C723500664876 /* Release */,
			);
			defaultConfigurationIsVisible = 0;
			defaultConfigurationName = Release;
		};
		45C522542A2C723500664876 /* Build configuration list for PBXNativeTarget "WeatherTests" */ = {
			isa = XCConfigurationList;
			buildConfigurations = (
				45C522552A2C723500664876 /* Debug */,
				45C522562A2C723500664876 /* Release */,
			);
			defaultConfigurationIsVisible = 0;
			defaultConfigurationName = Release;
		};
		45C522572A2C723500664876 /* Build configuration list for PBXNativeTarget "WeatherUITests" */ = {
			isa = XCConfigurationList;
			buildConfigurations = (
				45C522582A2C723500664876 /* Debug */,
				45C522592A2C723500664876 /* Release */,
			);
			defaultConfigurationIsVisible = 0;
			defaultConfigurationName = Release;
		};
/* End XCConfigurationList section */
	};
	rootObject = 45C5221F2A2C723400664876 /* Project object */;
}
